
Microsoft Visual Studio Solution File, Format Version 12.00
# Visual Studio Version 17
VisualStudioVersion = 17.8.34330.188
MinimumVisualStudioVersion = 10.0.40219.1
Project("{FAE04EC0-301F-11D3-BF4B-00C04F79EFBC}") = "PortfolioBackend", "PortfolioBackend\PortfolioBackend.csproj", "{FC016885-DFD2-4F99-927F-5F2347386435}"
EndProject
Global
	GlobalSection(SolutionConfigurationPlatforms) = preSolution
		Debug|Any CPU = Debug|Any CPU
		Release|Any CPU = Release|Any CPU
	EndGlobalSection
	GlobalSection(ProjectConfigurationPlatforms) = postSolution
		{FC016885-DFD2-4F99-927F-5F2347386435}.Debug|Any CPU.ActiveCfg = Debug|Any CPU
		{FC016885-DFD2-4F99-927F-5F2347386435}.Debug|Any CPU.Build.0 = Debug|Any CPU
		{FC016885-DFD2-4F99-927F-5F2347386435}.Release|Any CPU.ActiveCfg = Release|Any CPU
		{FC016885-DFD2-4F99-927F-5F2347386435}.Release|Any CPU.Build.0 = Release|Any CPU
	EndGlobalSection
	GlobalSection(SolutionProperties) = preSolution
		HideSolutionNode = FALSE
	EndGlobalSection
	GlobalSection(ExtensibilityGlobals) = postSolution
		SolutionGuid = {4EF965A8-5EF4-4561-B463-DE09DA26D6ED}
	EndGlobalSection
EndGlobal
